
Microsoft Visual Studio Solution File, Format Version 12.00
# Visual Studio Version 16
VisualStudioVersion = 16.0.30011.22
MinimumVisualStudioVersion = 10.0.40219.1
Project("{FAE04EC0-301F-11D3-BF4B-00C04F79EFBC}") = "DateDifferenceProject", "DateDifferenceProject\DateDifferenceProject.csproj", "{2C3C108F-E786-4B89-A2CE-27CB0D0955A1}"
EndProject
Project("{FAE04EC0-301F-11D3-BF4B-00C04F79EFBC}") = "DateDifferenceProjectTests", "DateDifferenceProjectTests\DateDifferenceProjectTests.csproj", "{8D77223A-67E9-4E66-ABD5-8215E38F2FB5}"
EndProject
Global
	GlobalSection(SolutionConfigurationPlatforms) = preSolution
		Debug|Any CPU = Debug|Any CPU
		Release|Any CPU = Release|Any CPU
	EndGlobalSection
	GlobalSection(ProjectConfigurationPlatforms) = postSolution
		{2C3C108F-E786-4B89-A2CE-27CB0D0955A1}.Debug|Any CPU.ActiveCfg = Debug|Any CPU
		{2C3C108F-E786-4B89-A2CE-27CB0D0955A1}.Debug|Any CPU.Build.0 = Debug|Any CPU
		{2C3C108F-E786-4B89-A2CE-27CB0D0955A1}.Release|Any CPU.ActiveCfg = Release|Any CPU
		{2C3C108F-E786-4B89-A2CE-27CB0D0955A1}.Release|Any CPU.Build.0 = Release|Any CPU
		{8D77223A-67E9-4E66-ABD5-8215E38F2FB5}.Debug|Any CPU.ActiveCfg = Debug|Any CPU
		{8D77223A-67E9-4E66-ABD5-8215E38F2FB5}.Debug|Any CPU.Build.0 = Debug|Any CPU
		{8D77223A-67E9-4E66-ABD5-8215E38F2FB5}.Release|Any CPU.ActiveCfg = Release|Any CPU
		{8D77223A-67E9-4E66-ABD5-8215E38F2FB5}.Release|Any CPU.Build.0 = Release|Any CPU
	EndGlobalSection
	GlobalSection(SolutionProperties) = preSolution
		HideSolutionNode = FALSE
	EndGlobalSection
	GlobalSection(ExtensibilityGlobals) = postSolution
		SolutionGuid = {909F7ADE-06FA-43D2-A14A-C20D9D744B36}
	EndGlobalSection
EndGlobal
